Microsoft Visual Studio Solution File, Format Version 11.00
# Visual Studio 2008

Project("{89B05A2B-21D2-E40F-2277-C89143615D40}") = "Unity pinboll", "Assembly-CSharp.csproj", "{A877929A-B633-D35D-3B91-D3B898FAE483}"
EndProject
Global
	GlobalSection(SolutionConfigurationPlatforms) = preSolution
		Debug|Any CPU = Debug|Any CPU
		Release|Any CPU = Release|Any CPU
	EndGlobalSection
	GlobalSection(ProjectConfigurationPlatforms) = postSolution
		{A877929A-B633-D35D-3B91-D3B898FAE483}.Debug|Any CPU.ActiveCfg = Debug|Any CPU
		{A877929A-B633-D35D-3B91-D3B898FAE483}.Debug|Any CPU.Build.0 = Debug|Any CPU
		{A877929A-B633-D35D-3B91-D3B898FAE483}.Release|Any CPU.ActiveCfg = Release|Any CPU
		{A877929A-B633-D35D-3B91-D3B898FAE483}.Release|Any CPU.Build.0 = Release|Any CPU
	EndGlobalSection
	GlobalSection(SolutionProperties) = preSolution
		HideSolutionNode = FALSE
	EndGlobalSection
	GlobalSection(MonoDevelopProperties) = preSolution
		StartupItem = Assembly-CSharp.csproj
	EndGlobalSection
EndGlobal
